{
  "name": "nativescript-background-geolocation-lt",
  "version": "1.7.0",
  "lockfileVersion": 1,
  "requires": true,
  "dependencies": {
    "nativescript-background-fetch": {
      "version": "1.1.1",
      "resolved": "https://registry.npmjs.org/nativescript-background-fetch/-/nativescript-background-fetch-1.1.1.tgz",
      "integrity": "sha1-lt/RmiVLtME6pXsNWYDhAPfDWvg="
    },
    "nativescript-permissions": {
      "version": "1.2.3",
      "resolved": "https://registry.npmjs.org/nativescript-permissions/-/nativescript-permissions-1.2.3.tgz",
      "integrity": "sha1-4+ZVRfmP5IjdVXj3/5DrrjCI5wA="
    },
    "tns-core-modules": {
      "version": "3.4.0",
      "resolved": "https://registry.npmjs.org/tns-core-modules/-/tns-core-modules-3.4.0.tgz",
      "integrity": "sha1-PEDdPpXGwzs/73rU7nTaqEOpKhE=",
      "dev": true,
      "requires": {
        "tns-core-modules-widgets": "3.4.0"
      }
    },
    "tns-core-modules-widgets": {
      "version": "3.4.0",
      "resolved": "https://registry.npmjs.org/tns-core-modules-widgets/-/tns-core-modules-widgets-3.4.0.tgz",
      "integrity": "sha512-WEtjDRTjjKB+C1NhY1CJSNyhK9DPCYzBgM+yKgq5AmphK/QdQEMAP1U2ttOv8yWWfsvLZGOnzyLCzcyeoG0Gfw==",
      "dev": true
    },
    "tns-platform-declarations": {
      "version": "3.4.0",
      "resolved": "https://registry.npmjs.org/tns-platform-declarations/-/tns-platform-declarations-3.4.0.tgz",
      "integrity": "sha1-JK/qs94J63O5mP2qSKKVx8Xyjns=",
      "dev": true
    },
    "typescript": {
      "version": "2.6.2",
      "resolved": "https://registry.npmjs.org/typescript/-/typescript-2.6.2.tgz",
      "integrity": "sha1-PFtv1/beCRQmkCfwPAlGdY92c6Q=",
      "dev": true
    }
  }
}
